
Microsoft Visual Studio Solution File, Format Version 12.00
# Visual Studio Version 17
VisualStudioVersion = 17.3.32929.385
MinimumVisualStudioVersion = 10.0.40219.1
Project("{FAE04EC0-301F-11D3-BF4B-00C04F79EFBC}") = "Address", "Address\Address.csproj", "{FC0E4005-6451-4550-A2CF-F880CC64CF16}"
EndProject
Global
	GlobalSection(SolutionConfigurationPlatforms) = preSolution
		Debug|Any CPU = Debug|Any CPU
		Release|Any CPU = Release|Any CPU
	EndGlobalSection
	GlobalSection(ProjectConfigurationPlatforms) = postSolution
		{FC0E4005-6451-4550-A2CF-F880CC64CF16}.Debug|Any CPU.ActiveCfg = Debug|Any CPU
		{FC0E4005-6451-4550-A2CF-F880CC64CF16}.Debug|Any CPU.Build.0 = Debug|Any CPU
		{FC0E4005-6451-4550-A2CF-F880CC64CF16}.Release|Any CPU.ActiveCfg = Release|Any CPU
		{FC0E4005-6451-4550-A2CF-F880CC64CF16}.Release|Any CPU.Build.0 = Release|Any CPU
	EndGlobalSection
	GlobalSection(SolutionProperties) = preSolution
		HideSolutionNode = FALSE
	EndGlobalSection
	GlobalSection(ExtensibilityGlobals) = postSolution
		SolutionGuid = {76640847-6BF9-4E21-A5CD-C6B1B156B86C}
	EndGlobalSection
EndGlobal
